<?xml version="1.0" encoding="utf-8"?>
<Project ToolsVersion="4.0" xmlns="http://schemas.microsoft.com/developer/msbuild/2003">
  <ItemGroup>
    <Filter Include="Header Files">
      <UniqueIdentifier>{93995380-89BD-4b04-88EB-625FBE52EBFB}</UniqueIdentifier>
      <Extensions>h;hpp;hxx;hm;inl;inc;xsd</Extensions>
    </Filter>
    <Filter Include="TestFiles">
      <UniqueIdentifier>{8d709ec6-33c2-440e-80e2-9c020eb24b35}</UniqueIdentifier>
    </Filter>
  </ItemGroup>
  <ItemGroup>
    <ClCompile Include="..\test\curve25519_donna.c">
      <Filter>TestFiles</Filter>
    </ClCompile>
    <ClCompile Include="..\test\curve25519_test.c">
      <Filter>TestFiles</Filter>
    </ClCompile>
    <ClCompile Include="..\test\curve25519_selftest.c">
      <Filter>TestFiles</Filter>
    </ClCompile>
    <ClCompile Include="..\custom\random.c">
      <Filter>TestFiles</Filter>
    </ClCompile>
  </ItemGroup>
  <ItemGroup>
    <ClInclude Include="..\source\ed25519_signature.h">
      <Filter>Header Files</Filter>
    </ClInclude>
    <ClInclude Include="..\source\curve25519_dh.h">
      <Filter>Header Files</Filter>
    </ClInclude>
    <ClInclude Include="..\test\curve25519_donna.h">
      <Filter>Header Files</Filter>
    </ClInclude>
  </ItemGroup>
</Project>